// !$*UTF8*$!
{
	archiveVersion = 1;
	classes = {
	};
	objectVersion = 55;
	objects = {

/* Begin PBXBuildFile section */
		041EBF1627EDCAE40048F984 /* ThirdViewController.swift in Sources */ = {isa = PBXBuildFile; fileRef = 041EBF1527EDCAE40048F984 /* ThirdViewController.swift */; };
		046BD64027EC51880044E784 /* AppDelegate.swift in Sources */ = {isa = PBXBuildFile; fileRef = 046BD63F27EC51880044E784 /* AppDelegate.swift */; };
		046BD64427EC51880044E784 /* ViewController.swift in Sources */ = {isa = PBXBuildFile; fileRef = 046BD64327EC51880044E784 /* ViewController.swift */; };
		046BD64727EC51880044E784 /* Main.storyboard in Resources */ = {isa = PBXBuildFile; fileRef = 046BD64527EC51880044E784 /* Main.storyboard */; };
		046BD64927EC51890044E784 /* Assets.xcassets in Resources */ = {isa = PBXBuildFile; fileRef = 046BD64827EC51890044E784 /* Assets.xcassets */; };
		046BD64C27EC51890044E784 /* LaunchScreen.storyboard in Resources */ = {isa = PBXBuildFile; fileRef = 046BD64A27EC51890044E784 /* LaunchScreen.storyboard */; };
		046BD65727EC518A0044E784 /* DWebBrowserTests.swift in Sources */ = {isa = PBXBuildFile; fileRef = 046BD65627EC518A0044E784 /* DWebBrowserTests.swift */; };
		046BD66127EC518A0044E784 /* DWebBrowserUITests.swift in Sources */ = {isa = PBXBuildFile; fileRef = 046BD66027EC518A0044E784 /* DWebBrowserUITests.swift */; };
		046BD66327EC518A0044E784 /* DWebBrowserUITestsLaunchTests.swift in Sources */ = {isa = PBXBuildFile; fileRef = 046BD66227EC518A0044E784 /* DWebBrowserUITestsLaunchTests.swift */; };
		046BD67027EC51CB0044E784 /* htmlFile in Resources */ = {isa = PBXBuildFile; fileRef = 046BD66F27EC51CB0044E784 /* htmlFile */; };
		046BD67C27EC52D40044E784 /* ReadFileManager.swift in Sources */ = {isa = PBXBuildFile; fileRef = 046BD67327EC52D40044E784 /* ReadFileManager.swift */; };
		046BD67D27EC52D40044E784 /* ConvertUnits.swift in Sources */ = {isa = PBXBuildFile; fileRef = 046BD67527EC52D40044E784 /* ConvertUnits.swift */; };
		046BD68127EC52D40044E784 /* NavigatorHandle.swift in Sources */ = {isa = PBXBuildFile; fileRef = 046BD67A27EC52D40044E784 /* NavigatorHandle.swift */; };
		046BD68627EC52F60044E784 /* SecondViewController.swift in Sources */ = {isa = PBXBuildFile; fileRef = 046BD68527EC52F60044E784 /* SecondViewController.swift */; };
		046BD68A27EC54110044E784 /* BaseViewController.swift in Sources */ = {isa = PBXBuildFile; fileRef = 046BD68927EC54110044E784 /* BaseViewController.swift */; };
		046BD68C27EC54B60044E784 /* FirstViewController.swift in Sources */ = {isa = PBXBuildFile; fileRef = 046BD68B27EC54B60044E784 /* FirstViewController.swift */; };
		18585C3427F0151E002D8DAB /* CustomFileManager.swift in Sources */ = {isa = PBXBuildFile; fileRef = 18585C3227F0151E002D8DAB /* CustomFileManager.swift */; };
		18585C3527F0151E002D8DAB /* CustomWebView.swift in Sources */ = {isa = PBXBuildFile; fileRef = 18585C3327F0151E002D8DAB /* CustomWebView.swift */; };
/* End PBXBuildFile section */

/* Begin PBXContainerItemProxy section */
		046BD65327EC518A0044E784 /* PBXContainerItemProxy */ = {
			isa = PBXContainerItemProxy;
			containerPortal = 046BD63427EC51880044E784 /* Project object */;
			proxyType = 1;
			remoteGlobalIDString = 046BD63B27EC51880044E784;
			remoteInfo = DWebBrowser;
		};
		046BD65D27EC518A0044E784 /* PBXContainerItemProxy */ = {
			isa = PBXContainerItemProxy;
			containerPortal = 046BD63427EC51880044E784 /* Project object */;
			proxyType = 1;
			remoteGlobalIDString = 046BD63B27EC51880044E784;
			remoteInfo = DWebBrowser;
		};
/* End PBXContainerItemProxy section */

/* Begin PBXFileReference section */
		041EBF1527EDCAE40048F984 /* ThirdViewController.swift */ = {isa = PBXFileReference; lastKnownFileType = sourcecode.swift; path = ThirdViewController.swift; sourceTree = "<group>"; };
		046BD63C27EC51880044E784 /* DWebBrowser.app */ = {isa = PBXFileReference; explicitFileType = wrapper.application; includeInIndex = 0; path = DWebBrowser.app; sourceTree = BUILT_PRODUCTS_DIR; };
		046BD63F27EC51880044E784 /* AppDelegate.swift */ = {isa = PBXFileReference; lastKnownFileType = sourcecode.swift; path = AppDelegate.swift; sourceTree = "<group>"; };
		046BD64327EC51880044E784 /* ViewController.swift */ = {isa = PBXFileReference; lastKnownFileType = sourcecode.swift; path = ViewController.swift; sourceTree = "<group>"; };
		046BD64627EC51880044E784 /* Base */ = {isa = PBXFileReference; lastKnownFileType = file.storyboard; name = Base; path = Base.lproj/Main.storyboard; sourceTree = "<group>"; };
		046BD64827EC51890044E784 /* Assets.xcassets */ = {isa = PBXFileReference; lastKnownFileType = folder.assetcatalog; path = Assets.xcassets; sourceTree = "<group>"; };
		046BD64B27EC51890044E784 /* Base */ = {isa = PBXFileReference; lastKnownFileType = file.storyboard; name = Base; path = Base.lproj/LaunchScreen.storyboard; sourceTree = "<group>"; };
		046BD64D27EC51890044E784 /* Info.plist */ = {isa = PBXFileReference; lastKnownFileType = text.plist.xml; path = Info.plist; sourceTree = "<group>"; };
		046BD65227EC518A0044E784 /* DWebBrowserTests.xctest */ = {isa = PBXFileReference; explicitFileType = wrapper.cfbundle; includeInIndex = 0; path = DWebBrowserTests.xctest; sourceTree = BUILT_PRODUCTS_DIR; };
		046BD65627EC518A0044E784 /* DWebBrowserTests.swift */ = {isa = PBXFileReference; lastKnownFileType = sourcecode.swift; path = DWebBrowserTests.swift; sourceTree = "<group>"; };
		046BD65C27EC518A0044E784 /* DWebBrowserUITests.xctest */ = {isa = PBXFileReference; explicitFileType = wrapper.cfbundle; includeInIndex = 0; path = DWebBrowserUITests.xctest; sourceTree = BUILT_PRODUCTS_DIR; };
		046BD66027EC518A0044E784 /* DWebBrowserUITests.swift */ = {isa = PBXFileReference; lastKnownFileType = sourcecode.swift; path = DWebBrowserUITests.swift; sourceTree = "<group>"; };
		046BD66227EC518A0044E784 /* DWebBrowserUITestsLaunchTests.swift */ = {isa = PBXFileReference; lastKnownFileType = sourcecode.swift; path = DWebBrowserUITestsLaunchTests.swift; sourceTree = "<group>"; };
		046BD66F27EC51CB0044E784 /* htmlFile */ = {isa = PBXFileReference; lastKnownFileType = folder; path = htmlFile; sourceTree = "<group>"; };
		046BD67327EC52D40044E784 /* ReadFileManager.swift */ = {isa = PBXFileReference; fileEncoding = 4; lastKnownFileType = sourcecode.swift; path = ReadFileManager.swift; sourceTree = "<group>"; };
		046BD67527EC52D40044E784 /* ConvertUnits.swift */ = {isa = PBXFileReference; fileEncoding = 4; lastKnownFileType = sourcecode.swift; path = ConvertUnits.swift; sourceTree = "<group>"; };
		046BD67A27EC52D40044E784 /* NavigatorHandle.swift */ = {isa = PBXFileReference; fileEncoding = 4; lastKnownFileType = sourcecode.swift; path = NavigatorHandle.swift; sourceTree = "<group>"; };
		046BD68527EC52F60044E784 /* SecondViewController.swift */ = {isa = PBXFileReference; lastKnownFileType = sourcecode.swift; path = SecondViewController.swift; sourceTree = "<group>"; };
		046BD68927EC54110044E784 /* BaseViewController.swift */ = {isa = PBXFileReference; fileEncoding = 4; lastKnownFileType = sourcecode.swift; path = BaseViewController.swift; sourceTree = "<group>"; };
		046BD68B27EC54B60044E784 /* FirstViewController.swift */ = {isa = PBXFileReference; fileEncoding = 4; lastKnownFileType = sourcecode.swift; path = FirstViewController.swift; sourceTree = "<group>"; };
		18585C3227F0151E002D8DAB /* CustomFileManager.swift */ = {isa = PBXFileReference; fileEncoding = 4; lastKnownFileType = sourcecode.swift; path = CustomFileManager.swift; sourceTree = "<group>"; };
		18585C3327F0151E002D8DAB /* CustomWebView.swift */ = {isa = PBXFileReference; fileEncoding = 4; lastKnownFileType = sourcecode.swift; path = CustomWebView.swift; sourceTree = "<group>"; };
/* End PBXFileReference section */

/* Begin PBXFrameworksBuildPhase section */
		046BD63927EC51880044E784 /* Frameworks */ = {
			isa = PBXFrameworksBuildPhase;
			buildActionMask = 2147483647;
			files = (
			);
			runOnlyForDeploymentPostprocessing = 0;
		};
		046BD64F27EC518A0044E784 /* Frameworks */ = {
			isa = PBXFrameworksBuildPhase;
			buildActionMask = 2147483647;
			files = (
			);
			runOnlyForDeploymentPostprocessing = 0;
		};
		046BD65927EC518A0044E784 /* Frameworks */ = {
			isa = PBXFrameworksBuildPhase;
			buildActionMask = 2147483647;
			files = (
			);
			runOnlyForDeploymentPostprocessing = 0;
		};
/* End PBXFrameworksBuildPhase section */

/* Begin PBXGroup section */
		046BD63327EC51880044E784 = {
			isa = PBXGroup;
			children = (
				046BD63E27EC51880044E784 /* DWebBrowser */,
				046BD65527EC518A0044E784 /* DWebBrowserTests */,
				046BD65F27EC518A0044E784 /* DWebBrowserUITests */,
				046BD63D27EC51880044E784 /* Products */,
			);
			sourceTree = "<group>";
		};
		046BD63D27EC51880044E784 /* Products */ = {
			isa = PBXGroup;
			children = (
				046BD63C27EC51880044E784 /* DWebBrowser.app */,
				046BD65227EC518A0044E784 /* DWebBrowserTests.xctest */,
				046BD65C27EC518A0044E784 /* DWebBrowserUITests.xctest */,
			);
			name = Products;
			sourceTree = "<group>";
		};
		046BD63E27EC51880044E784 /* DWebBrowser */ = {
			isa = PBXGroup;
			children = (
				046BD68227EC52D80044E784 /* ViewController */,
				046BD67927EC52D40044E784 /* Navigator */,
				046BD67227EC52D40044E784 /* ReadFileManager */,
				046BD67427EC52D40044E784 /* Tools */,
				046BD66F27EC51CB0044E784 /* htmlFile */,
				046BD63F27EC51880044E784 /* AppDelegate.swift */,
				046BD64327EC51880044E784 /* ViewController.swift */,
				046BD64527EC51880044E784 /* Main.storyboard */,
				046BD64827EC51890044E784 /* Assets.xcassets */,
				046BD64A27EC51890044E784 /* LaunchScreen.storyboard */,
				046BD64D27EC51890044E784 /* Info.plist */,
				041EBF1527EDCAE40048F984 /* ThirdViewController.swift */,
			);
			path = DWebBrowser;
			sourceTree = "<group>";
		};
		046BD65527EC518A0044E784 /* DWebBrowserTests */ = {
			isa = PBXGroup;
			children = (
				046BD65627EC518A0044E784 /* DWebBrowserTests.swift */,
			);
			path = DWebBrowserTests;
			sourceTree = "<group>";
		};
		046BD65F27EC518A0044E784 /* DWebBrowserUITests */ = {
			isa = PBXGroup;
			children = (
				046BD66027EC518A0044E784 /* DWebBrowserUITests.swift */,
				046BD66227EC518A0044E784 /* DWebBrowserUITestsLaunchTests.swift */,
			);
			path = DWebBrowserUITests;
			sourceTree = "<group>";
		};
		046BD67227EC52D40044E784 /* ReadFileManager */ = {
			isa = PBXGroup;
			children = (
				046BD67327EC52D40044E784 /* ReadFileManager.swift */,
			);
			path = ReadFileManager;
			sourceTree = "<group>";
		};
		046BD67427EC52D40044E784 /* Tools */ = {
			isa = PBXGroup;
			children = (
				046BD67527EC52D40044E784 /* ConvertUnits.swift */,
			);
			path = Tools;
			sourceTree = "<group>";
		};
		046BD67927EC52D40044E784 /* Navigator */ = {
			isa = PBXGroup;
			children = (
				046BD67A27EC52D40044E784 /* NavigatorHandle.swift */,
			);
			path = Navigator;
			sourceTree = "<group>";
		};
		046BD68227EC52D80044E784 /* ViewController */ = {
			isa = PBXGroup;
			children = (
				18585C3227F0151E002D8DAB /* CustomFileManager.swift */,
				18585C3327F0151E002D8DAB /* CustomWebView.swift */,
				046BD68B27EC54B60044E784 /* FirstViewController.swift */,
				046BD68927EC54110044E784 /* BaseViewController.swift */,
				046BD68527EC52F60044E784 /* SecondViewController.swift */,
			);
			path = ViewController;
			sourceTree = "<group>";
		};
/* End PBXGroup section */

/* Begin PBXNativeTarget section */
		046BD63B27EC51880044E784 /* DWebBrowser */ = {
			isa = PBXNativeTarget;
			buildConfigurationList = 046BD66627EC518A0044E784 /* Build configuration list for PBXNativeTarget "DWebBrowser" */;
			buildPhases = (
				046BD63827EC51880044E784 /* Sources */,
				046BD63927EC51880044E784 /* Frameworks */,
				046BD63A27EC51880044E784 /* Resources */,
			);
			buildRules = (
			);
			dependencies = (
			);
			name = DWebBrowser;
			productName = DWebBrowser;
			productReference = 046BD63C27EC51880044E784 /* DWebBrowser.app */;
			productType = "com.apple.product-type.application";
		};
		046BD65127EC518A0044E784 /* DWebBrowserTests */ = {
			isa = PBXNativeTarget;
			buildConfigurationList = 046BD66927EC518A0044E784 /* Build configuration list for PBXNativeTarget "DWebBrowserTests" */;
			buildPhases = (
				046BD64E27EC518A0044E784 /* Sources */,
				046BD64F27EC518A0044E784 /* Frameworks */,
				046BD65027EC518A0044E784 /* Resources */,
			);
			buildRules = (
			);
			dependencies = (
				046BD65427EC518A0044E784 /* PBXTargetDependency */,
			);
			name = DWebBrowserTests;
			productName = DWebBrowserTests;
			productReference = 046BD65227EC518A0044E784 /* DWebBrowserTests.xctest */;
			productType = "com.apple.product-type.bundle.unit-test";
		};
		046BD65B27EC518A0044E784 /* DWebBrowserUITests */ = {
			isa = PBXNativeTarget;
			buildConfigurationList = 046BD66C27EC518A0044E784 /* Build configuration list for PBXNativeTarget "DWebBrowserUITests" */;
			buildPhases = (
				046BD65827EC518A0044E784 /* Sources */,
				046BD65927EC518A0044E784 /* Frameworks */,
				046BD65A27EC518A0044E784 /* Resources */,
			);
			buildRules = (
			);
			dependencies = (
				046BD65E27EC518A0044E784 /* PBXTargetDependency */,
			);
			name = DWebBrowserUITests;
			productName = DWebBrowserUITests;
			productReference = 046BD65C27EC518A0044E784 /* DWebBrowserUITests.xctest */;
			productType = "com.apple.product-type.bundle.ui-testing";
		};
/* End PBXNativeTarget section */

/* Begin PBXProject section */
		046BD63427EC51880044E784 /* Project object */ = {
			isa = PBXProject;
			attributes = {
				BuildIndependentTargetsInParallel = 1;
				LastSwiftUpdateCheck = 1320;
				LastUpgradeCheck = 1320;
				TargetAttributes = {
					046BD63B27EC51880044E784 = {
						CreatedOnToolsVersion = 13.2.1;
					};
					046BD65127EC518A0044E784 = {
						CreatedOnToolsVersion = 13.2.1;
						TestTargetID = 046BD63B27EC51880044E784;
					};
					046BD65B27EC518A0044E784 = {
						CreatedOnToolsVersion = 13.2.1;
						TestTargetID = 046BD63B27EC51880044E784;
					};
				};
			};
			buildConfigurationList = 046BD63727EC51880044E784 /* Build configuration list for PBXProject "DWebBrowser" */;
			compatibilityVersion = "Xcode 13.0";
			developmentRegion = en;
			hasScannedForEncodings = 0;
			knownRegions = (
				en,
				Base,
			);
			mainGroup = 046BD63327EC51880044E784;
			productRefGroup = 046BD63D27EC51880044E784 /* Products */;
			projectDirPath = "";
			projectRoot = "";
			targets = (
				046BD63B27EC51880044E784 /* DWebBrowser */,
				046BD65127EC518A0044E784 /* DWebBrowserTests */,
				046BD65B27EC518A0044E784 /* DWebBrowserUITests */,
			);
		};
/* End PBXProject section */

/* Begin PBXResourcesBuildPhase section */
		046BD63A27EC51880044E784 /* Resources */ = {
			isa = PBXResourcesBuildPhase;
			buildActionMask = 2147483647;
			files = (
				046BD64C27EC51890044E784 /* LaunchScreen.storyboard in Resources */,
				046BD67027EC51CB0044E784 /* htmlFile in Resources */,
				046BD64927EC51890044E784 /* Assets.xcassets in Resources */,
				046BD64727EC51880044E784 /* Main.storyboard in Resources */,
			);
			runOnlyForDeploymentPostprocessing = 0;
		};
		046BD65027EC518A0044E784 /* Resources */ = {
			isa = PBXResourcesBuildPhase;
			buildActionMask = 2147483647;
			files = (
			);
			runOnlyForDeploymentPostprocessing = 0;
		};
		046BD65A27EC518A0044E784 /* Resources */ = {
			isa = PBXResourcesBuildPhase;
			buildActionMask = 2147483647;
			files = (
			);
			runOnlyForDeploymentPostprocessing = 0;
		};
/* End PBXResourcesBuildPhase section */

/* Begin PBXSourcesBuildPhase section */
		046BD63827EC51880044E784 /* Sources */ = {
			isa = PBXSourcesBuildPhase;
			buildActionMask = 2147483647;
			files = (
				18585C3427F0151E002D8DAB /* CustomFileManager.swift in Sources */,
				046BD64427EC51880044E784 /* ViewController.swift in Sources */,
				046BD64027EC51880044E784 /* AppDelegate.swift in Sources */,
				18585C3527F0151E002D8DAB /* CustomWebView.swift in Sources */,
				046BD68A27EC54110044E784 /* BaseViewController.swift in Sources */,
				046BD68C27EC54B60044E784 /* FirstViewController.swift in Sources */,
				046BD68127EC52D40044E784 /* NavigatorHandle.swift in Sources */,
				046BD67C27EC52D40044E784 /* ReadFileManager.swift in Sources */,
				041EBF1627EDCAE40048F984 /* ThirdViewController.swift in Sources */,
				046BD68627EC52F60044E784 /* SecondViewController.swift in Sources */,
				046BD67D27EC52D40044E784 /* ConvertUnits.swift in Sources */,
			);
			runOnlyForDeploymentPostprocessing = 0;
		};
		046BD64E27EC518A0044E784 /* Sources */ = {
			isa = PBXSourcesBuildPhase;
			buildActionMask = 2147483647;
			files = (
				046BD65727EC518A0044E784 /* DWebBrowserTests.swift in Sources */,
			);
			runOnlyForDeploymentPostprocessing = 0;
		};
		046BD65827EC518A0044E784 /* Sources */ = {
			isa = PBXSourcesBuildPhase;
			buildActionMask = 2147483647;
			files = (
				046BD66127EC518A0044E784 /* DWebBrowserUITests.swift in Sources */,
				046BD66327EC518A0044E784 /* DWebBrowserUITestsLaunchTests.swift in Sources */,
			);
			runOnlyForDeploymentPostprocessing = 0;
		};
/* End PBXSourcesBuildPhase section */

/* Begin PBXTargetDependency section */
		046BD65427EC518A0044E784 /* PBXTargetDependency */ = {
			isa = PBXTargetDependency;
			target = 046BD63B27EC51880044E784 /* DWebBrowser */;
			targetProxy = 046BD65327EC518A0044E784 /* PBXContainerItemProxy */;
		};
		046BD65E27EC518A0044E784 /* PBXTargetDependency */ = {
			isa = PBXTargetDependency;
			target = 046BD63B27EC51880044E784 /* DWebBrowser */;
			targetProxy = 046BD65D27EC518A0044E784 /* PBXContainerItemProxy */;
		};
/* End PBXTargetDependency section */

/* Begin PBXVariantGroup section */
		046BD64527EC51880044E784 /* Main.storyboard */ = {
			isa = PBXVariantGroup;
			children = (
				046BD64627EC51880044E784 /* Base */,
			);
			name = Main.storyboard;
			sourceTree = "<group>";
		};
		046BD64A27EC51890044E784 /* LaunchScreen.storyboard */ = {
			isa = PBXVariantGroup;
			children = (
				046BD64B27EC51890044E784 /* Base */,
			);
			name = LaunchScreen.storyboard;
			sourceTree = "<group>";
		};
/* End PBXVariantGroup section */

/* Begin XCBuildConfiguration section */
		046BD66427EC518A0044E784 /* Debug */ = {
			isa = XCBuildConfiguration;
			buildSettings = {
				ALWAYS_SEARCH_USER_PATHS = NO;
				CLANG_ANALYZER_NONNULL = YES;
				CLANG_ANALYZER_NUMBER_OBJECT_CONVERSION = YES_AGGRESSIVE;
				CLANG_CXX_LANGUAGE_STANDARD = "gnu++17";
				CLANG_CXX_LIBRARY = "libc++";
				CLANG_ENABLE_MODULES = YES;
				CLANG_ENABLE_OBJC_ARC = YES;
				CLANG_ENABLE_OBJC_WEAK = YES;
				CLANG_WARN_BLOCK_CAPTURE_AUTORELEASING = YES;
				CLANG_WARN_BOOL_CONVERSION = YES;
				CLANG_WARN_COMMA = YES;
				CLANG_WARN_CONSTANT_CONVERSION = YES;
				CLANG_WARN_DEPRECATED_OBJC_IMPLEMENTATIONS = YES;
				CLANG_WARN_DIRECT_OBJC_ISA_USAGE = YES_ERROR;
				CLANG_WARN_DOCUMENTATION_COMMENTS = YES;
				CLANG_WARN_EMPTY_BODY = YES;
				CLANG_WARN_ENUM_CONVERSION = YES;
				CLANG_WARN_INFINITE_RECURSION = YES;
				CLANG_WARN_INT_CONVERSION = YES;
				CLANG_WARN_NON_LITERAL_NULL_CONVERSION = YES;
				CLANG_WARN_OBJC_IMPLICIT_RETAIN_SELF = YES;
				CLANG_WARN_OBJC_LITERAL_CONVERSION = YES;
				CLANG_WARN_OBJC_ROOT_CLASS = YES_ERROR;
				CLANG_WARN_QUOTED_INCLUDE_IN_FRAMEWORK_HEADER = YES;
				CLANG_WARN_RANGE_LOOP_ANALYSIS = YES;
				CLANG_WARN_STRICT_PROTOTYPES = YES;
				CLANG_WARN_SUSPICIOUS_MOVE = YES;
				CLANG_WARN_UNGUARDED_AVAILABILITY = YES_AGGRESSIVE;
				CLANG_WARN_UNREACHABLE_CODE = YES;
				CLANG_WARN__DUPLICATE_METHOD_MATCH = YES;
				COPY_PHASE_STRIP = NO;
				DEBUG_INFORMATION_FORMAT = dwarf;
				ENABLE_STRICT_OBJC_MSGSEND = YES;
				ENABLE_TESTABILITY = YES;
				GCC_C_LANGUAGE_STANDARD = gnu11;
				GCC_DYNAMIC_NO_PIC = NO;
				GCC_NO_COMMON_BLOCKS = YES;
				GCC_OPTIMIZATION_LEVEL = 0;
				GCC_PREPROCESSOR_DEFINITIONS = (
					"DEBUG=1",
					"$(inherited)",
				);
				GCC_WARN_64_TO_32_BIT_CONVERSION = YES;
				GCC_WARN_ABOUT_RETURN_TYPE = YES_ERROR;
				GCC_WARN_UNDECLARED_SELECTOR = YES;
				GCC_WARN_UNINITIALIZED_AUTOS = YES_AGGRESSIVE;
				GCC_WARN_UNUSED_FUNCTION = YES;
				GCC_WARN_UNUSED_VARIABLE = YES;
				IPHONEOS_DEPLOYMENT_TARGET = 15.2;
				MTL_ENABLE_DEBUG_INFO = INCLUDE_SOURCE;
				MTL_FAST_MATH = YES;
				ONLY_ACTIVE_ARCH = YES;
				SDKROOT = iphoneos;
				SWIFT_ACTIVE_COMPILATION_CONDITIONS = DEBUG;
				SWIFT_OPTIMIZATION_LEVEL = "-Onone";
			};
			name = Debug;
		};
		046BD66527EC518A0044E784 /* Release */ = {
			isa = XCBuildConfiguration;
			buildSettings = {
				ALWAYS_SEARCH_USER_PATHS = NO;
				CLANG_ANALYZER_NONNULL = YES;
				CLANG_ANALYZER_NUMBER_OBJECT_CONVERSION = YES_AGGRESSIVE;
				CLANG_CXX_LANGUAGE_STANDARD = "gnu++17";
				CLANG_CXX_LIBRARY = "libc++";
				CLANG_ENABLE_MODULES = YES;
				CLANG_ENABLE_OBJC_ARC = YES;
				CLANG_ENABLE_OBJC_WEAK = YES;
				CLANG_WARN_BLOCK_CAPTURE_AUTORELEASING = YES;
				CLANG_WARN_BOOL_CONVERSION = YES;
				CLANG_WARN_COMMA = YES;
				CLANG_WARN_CONSTANT_CONVERSION = YES;
				CLANG_WARN_DEPRECATED_OBJC_IMPLEMENTATIONS = YES;
				CLANG_WARN_DIRECT_OBJC_ISA_USAGE = YES_ERROR;
				CLANG_WARN_DOCUMENTATION_COMMENTS = YES;
				CLANG_WARN_EMPTY_BODY = YES;
				CLANG_WARN_ENUM_CONVERSION = YES;
				CLANG_WARN_INFINITE_RECURSION = YES;
				CLANG_WARN_INT_CONVERSION = YES;
				CLANG_WARN_NON_LITERAL_NULL_CONVERSION = YES;
				CLANG_WARN_OBJC_IMPLICIT_RETAIN_SELF = YES;
				CLANG_WARN_OBJC_LITERAL_CONVERSION = YES;
				CLANG_WARN_OBJC_ROOT_CLASS = YES_ERROR;
				CLANG_WARN_QUOTED_INCLUDE_IN_FRAMEWORK_HEADER = YES;
				CLANG_WARN_RANGE_LOOP_ANALYSIS = YES;
				CLANG_WARN_STRICT_PROTOTYPES = YES;
				CLANG_WARN_SUSPICIOUS_MOVE = YES;
				CLANG_WARN_UNGUARDED_AVAILABILITY = YES_AGGRESSIVE;
				CLANG_WARN_UNREACHABLE_CODE = YES;
				CLANG_WARN__DUPLICATE_METHOD_MATCH = YES;
				COPY_PHASE_STRIP = NO;
				DEBUG_INFORMATION_FORMAT = "dwarf-with-dsym";
				ENABLE_NS_ASSERTIONS = NO;
				ENABLE_STRICT_OBJC_MSGSEND = YES;
				GCC_C_LANGUAGE_STANDARD = gnu11;
				GCC_NO_COMMON_BLOCKS = YES;
				GCC_WARN_64_TO_32_BIT_CONVERSION = YES;
				GCC_WARN_ABOUT_RETURN_TYPE = YES_ERROR;
				GCC_WARN_UNDECLARED_SELECTOR = YES;
				GCC_WARN_UNINITIALIZED_AUTOS = YES_AGGRESSIVE;
				GCC_WARN_UNUSED_FUNCTION = YES;
				GCC_WARN_UNUSED_VARIABLE = YES;
				IPHONEOS_DEPLOYMENT_TARGET = 15.2;
				MTL_ENABLE_DEBUG_INFO = NO;
				MTL_FAST_MATH = YES;
				SDKROOT = iphoneos;
				SWIFT_COMPILATION_MODE = wholemodule;
				SWIFT_OPTIMIZATION_LEVEL = "-O";
				VALIDATE_PRODUCT = YES;
			};
			name = Release;
		};
		046BD66727EC518A0044E784 /* Debug */ = {
			isa = XCBuildConfiguration;
			buildSettings = {
				ASSETCATALOG_COMPILER_APPICON_NAME = AppIcon;
				ASSETCATALOG_COMPILER_GLOBAL_ACCENT_COLOR_NAME = AccentColor;
				CODE_SIGN_STYLE = Automatic;
				CURRENT_PROJECT_VERSION = 1;
				GENERATE_INFOPLIST_FILE = YES;
				INFOPLIST_FILE = DWebBrowser/Info.plist;
				INFOPLIST_KEY_UIApplicationSupportsIndirectInputEvents = YES;
				INFOPLIST_KEY_UILaunchStoryboardName = LaunchScreen;
				INFOPLIST_KEY_UIMainStoryboardFile = Main;
				INFOPLIST_KEY_UISupportedInterfaceOrientations_iPad = "UIInterfaceOrientationPortrait UIInterfaceOrientationPortraitUpsideDown UIInterfaceOrientationLandscapeLeft UIInterfaceOrientationLandscapeRight";
				INFOPLIST_KEY_UISupportedInterfaceOrientations_iPhone = "UIInterfaceOrientationPortrait UIInterfaceOrientationLandscapeLeft UIInterfaceOrientationLandscapeRight";
				LD_RUNPATH_SEARCH_PATHS = (
					"$(inherited)",
					"@executable_path/Frameworks",
				);
				MARKETING_VERSION = 1.0;
				PRODUCT_BUNDLE_IDENTIFIER = com.bngl.BFChain.DWebBrowser;
				PRODUCT_NAME = "$(TARGET_NAME)";
				SWIFT_EMIT_LOC_STRINGS = YES;
				SWIFT_VERSION = 5.0;
				TARGETED_DEVICE_FAMILY = "1,2";
			};
			name = Debug;
		};
		046BD66827EC518A0044E784 /* Release */ = {
			isa = XCBuildConfiguration;
			buildSettings = {
				ASSETCATALOG_COMPILER_APPICON_NAME = AppIcon;
				ASSETCATALOG_COMPILER_GLOBAL_ACCENT_COLOR_NAME = AccentColor;
				CODE_SIGN_STYLE = Automatic;
				CURRENT_PROJECT_VERSION = 1;
				GENERATE_INFOPLIST_FILE = YES;
				INFOPLIST_FILE = DWebBrowser/Info.plist;
				INFOPLIST_KEY_UIApplicationSupportsIndirectInputEvents = YES;
				INFOPLIST_KEY_UILaunchStoryboardName = LaunchScreen;
				INFOPLIST_KEY_UIMainStoryboardFile = Main;
				INFOPLIST_KEY_UISupportedInterfaceOrientations_iPad = "UIInterfaceOrientationPortrait UIInterfaceOrientationPortraitUpsideDown UIInterfaceOrientationLandscapeLeft UIInterfaceOrientationLandscapeRight";
				INFOPLIST_KEY_UISupportedInterfaceOrientations_iPhone = "UIInterfaceOrientationPortrait UIInterfaceOrientationLandscapeLeft UIInterfaceOrientationLandscapeRight";
				LD_RUNPATH_SEARCH_PATHS = (
					"$(inherited)",
					"@executable_path/Frameworks",
				);
				MARKETING_VERSION = 1.0;
				PRODUCT_BUNDLE_IDENTIFIER = com.bngl.BFChain.DWebBrowser;
				PRODUCT_NAME = "$(TARGET_NAME)";
				SWIFT_EMIT_LOC_STRINGS = YES;
				SWIFT_VERSION = 5.0;
				TARGETED_DEVICE_FAMILY = "1,2";
			};
			name = Release;
		};
		046BD66A27EC518A0044E784 /* Debug */ = {
			isa = XCBuildConfiguration;
			buildSettings = {
				ALWAYS_EMBED_SWIFT_STANDARD_LIBRARIES = YES;
				BUNDLE_LOADER = "$(TEST_HOST)";
				CODE_SIGN_STYLE = Automatic;
				CURRENT_PROJECT_VERSION = 1;
				GENERATE_INFOPLIST_FILE = YES;
				IPHONEOS_DEPLOYMENT_TARGET = 15.2;
				MARKETING_VERSION = 1.0;
				PRODUCT_BUNDLE_IDENTIFIER = com.bngl.BFChain.DWebBrowserTests;
				PRODUCT_NAME = "$(TARGET_NAME)";
				SWIFT_EMIT_LOC_STRINGS = NO;
				SWIFT_VERSION = 5.0;
				TARGETED_DEVICE_FAMILY = "1,2";
				TEST_HOST = "$(BUILT_PRODUCTS_DIR)/DWebBrowser.app/DWebBrowser";
			};
			name = Debug;
		};
		046BD66B27EC518A0044E784 /* Release */ = {
			isa = XCBuildConfiguration;
			buildSettings = {
				ALWAYS_EMBED_SWIFT_STANDARD_LIBRARIES = YES;
				BUNDLE_LOADER = "$(TEST_HOST)";
				CODE_SIGN_STYLE = Automatic;
				CURRENT_PROJECT_VERSION = 1;
				GENERATE_INFOPLIST_FILE = YES;
				IPHONEOS_DEPLOYMENT_TARGET = 15.2;
				MARKETING_VERSION = 1.0;
				PRODUCT_BUNDLE_IDENTIFIER = com.bngl.BFChain.DWebBrowserTests;
				PRODUCT_NAME = "$(TARGET_NAME)";
				SWIFT_EMIT_LOC_STRINGS = NO;
				SWIFT_VERSION = 5.0;
				TARGETED_DEVICE_FAMILY = "1,2";
				TEST_HOST = "$(BUILT_PRODUCTS_DIR)/DWebBrowser.app/DWebBrowser";
			};
			name = Release;
		};
		046BD66D27EC518A0044E784 /* Debug */ = {
			isa = XCBuildConfiguration;
			buildSettings = {
				ALWAYS_EMBED_SWIFT_STANDARD_LIBRARIES = YES;
				CODE_SIGN_STYLE = Automatic;
				CURRENT_PROJECT_VERSION = 1;
				GENERATE_INFOPLIST_FILE = YES;
				MARKETING_VERSION = 1.0;
				PRODUCT_BUNDLE_IDENTIFIER = com.bngl.BFChain.DWebBrowserUITests;
				PRODUCT_NAME = "$(TARGET_NAME)";
				SWIFT_EMIT_LOC_STRINGS = NO;
				SWIFT_VERSION = 5.0;
				TARGETED_DEVICE_FAMILY = "1,2";
				TEST_TARGET_NAME = DWebBrowser;
			};
			name = Debug;
		};
		046BD66E27EC518A0044E784 /* Release */ = {
			isa = XCBuildConfiguration;
			buildSettings = {
				ALWAYS_EMBED_SWIFT_STANDARD_LIBRARIES = YES;
				CODE_SIGN_STYLE = Automatic;
				CURRENT_PROJECT_VERSION = 1;
				GENERATE_INFOPLIST_FILE = YES;
				MARKETING_VERSION = 1.0;
				PRODUCT_BUNDLE_IDENTIFIER = com.bngl.BFChain.DWebBrowserUITests;
				PRODUCT_NAME = "$(TARGET_NAME)";
				SWIFT_EMIT_LOC_STRINGS = NO;
				SWIFT_VERSION = 5.0;
				TARGETED_DEVICE_FAMILY = "1,2";
				TEST_TARGET_NAME = DWebBrowser;
			};
			name = Release;
		};
/* End XCBuildConfiguration section */

/* Begin XCConfigurationList section */
		046BD63727EC51880044E784 /* Build configuration list for PBXProject "DWebBrowser" */ = {
			isa = XCConfigurationList;
			buildConfigurations = (
				046BD66427EC518A0044E784 /* Debug */,
				046BD66527EC518A0044E784 /* Release */,
			);
			defaultConfigurationIsVisible = 0;
			defaultConfigurationName = Release;
		};
		046BD66627EC518A0044E784 /* Build configuration list for PBXNativeTarget "DWebBrowser" */ = {
			isa = XCConfigurationList;
			buildConfigurations = (
				046BD66727EC518A0044E784 /* Debug */,
				046BD66827EC518A0044E784 /* Release */,
			);
			defaultConfigurationIsVisible = 0;
			defaultConfigurationName = Release;
		};
		046BD66927EC518A0044E784 /* Build configuration list for PBXNativeTarget "DWebBrowserTests" */ = {
			isa = XCConfigurationList;
			buildConfigurations = (
				046BD66A27EC518A0044E784 /* Debug */,
				046BD66B27EC518A0044E784 /* Release */,
			);
			defaultConfigurationIsVisible = 0;
			defaultConfigurationName = Release;
		};
		046BD66C27EC518A0044E784 /* Build configuration list for PBXNativeTarget "DWebBrowserUITests" */ = {
			isa = XCConfigurationList;
			buildConfigurations = (
				046BD66D27EC518A0044E784 /* Debug */,
				046BD66E27EC518A0044E784 /* Release */,
			);
			defaultConfigurationIsVisible = 0;
			defaultConfigurationName = Release;
		};
/* End XCConfigurationList section */
	};
	rootObject = 046BD63427EC51880044E784 /* Project object */;
}
